// !$*UTF8*$!
{
	archiveVersion = 1;
	classes = {
	};
	objectVersion = 52;
	objects = {

/* Begin PBXBuildFile section */
		D35A95242782D7F200FA0DF7 /* DTModelStorage.xcframework in Frameworks */ = {isa = PBXBuildFile; fileRef = D35A951B2782CF4000FA0DF7 /* DTModelStorage.xcframework */; };
		D35A95252782D7F200FA0DF7 /* DTModelStorage.xcframework in Embed Frameworks */ = {isa = PBXBuildFile; fileRef = D35A951B2782CF4000FA0DF7 /* DTModelStorage.xcframework */; settings = {ATTRIBUTES = (CodeSignOnCopy, RemoveHeadersOnCopy, ); }; };
		D35A95272782D7F500FA0DF7 /* DTTableViewManager.xcframework in Frameworks */ = {isa = PBXBuildFile; fileRef = D35A951D2782CF4D00FA0DF7 /* DTTableViewManager.xcframework */; };
		D35A95282782D7F500FA0DF7 /* DTTableViewManager.xcframework in Embed Frameworks */ = {isa = PBXBuildFile; fileRef = D35A951D2782CF4D00FA0DF7 /* DTTableViewManager.xcframework */; settings = {ATTRIBUTES = (CodeSignOnCopy, RemoveHeadersOnCopy, ); }; };
		D3D09F0F2758D635006897A8 /* Alamofire.framework in Frameworks */ = {isa = PBXBuildFile; fileRef = D3D09F0E2758D635006897A8 /* Alamofire.framework */; };
		D3D09F132758D63A006897A8 /* SnapKit.framework in Frameworks */ = {isa = PBXBuildFile; fileRef = D3D09F122758D63A006897A8 /* SnapKit.framework */; };
		D3D09F1C2759DAAC006897A8 /* .swiftlint.yml in Resources */ = {isa = PBXBuildFile; fileRef = D3D09F1B2759DAAC006897A8 /* .swiftlint.yml */; };
		D3D09F202759DE54006897A8 /* Cartfile in Resources */ = {isa = PBXBuildFile; fileRef = D3D09F1F2759DE54006897A8 /* Cartfile */; };
		D3D09F28275A4797006897A8 /* DataViewModel.swift in Sources */ = {isa = PBXBuildFile; fileRef = D3D09F27275A4797006897A8 /* DataViewModel.swift */; };
		D3F334A3274B74D300748E71 /* AppDelegate.swift in Sources */ = {isa = PBXBuildFile; fileRef = D3F334A2274B74D300748E71 /* AppDelegate.swift */; };
		D3F334A5274B74D300748E71 /* SceneDelegate.swift in Sources */ = {isa = PBXBuildFile; fileRef = D3F334A4274B74D300748E71 /* SceneDelegate.swift */; };
		D3F334AD274B74D300748E71 /* AssessmentDemo.xcdatamodeld in Sources */ = {isa = PBXBuildFile; fileRef = D3F334AB274B74D300748E71 /* AssessmentDemo.xcdatamodeld */; };
		D3F334AF274B74D500748E71 /* Assets.xcassets in Resources */ = {isa = PBXBuildFile; fileRef = D3F334AE274B74D500748E71 /* Assets.xcassets */; };
		D3F334B2274B74D500748E71 /* LaunchScreen.storyboard in Resources */ = {isa = PBXBuildFile; fileRef = D3F334B0274B74D500748E71 /* LaunchScreen.storyboard */; };
		D3F334BD274B74D600748E71 /* AssessmentDemoTests.swift in Sources */ = {isa = PBXBuildFile; fileRef = D3F334BC274B74D600748E71 /* AssessmentDemoTests.swift */; };
		D3F334C8274B74D600748E71 /* AssessmentDemoUITests.swift in Sources */ = {isa = PBXBuildFile; fileRef = D3F334C7274B74D600748E71 /* AssessmentDemoUITests.swift */; };
		D3F334EE274BC5A700748E71 /* DataTableViewController.swift in Sources */ = {isa = PBXBuildFile; fileRef = D3F334ED274BC5A700748E71 /* DataTableViewController.swift */; };
		D3F334F2274BC83200748E71 /* DataTableViewCell.swift in Sources */ = {isa = PBXBuildFile; fileRef = D3F334F1274BC83200748E71 /* DataTableViewCell.swift */; };
		D3F334F6274C9DDA00748E71 /* DataResource.swift in Sources */ = {isa = PBXBuildFile; fileRef = D3F334F5274C9DDA00748E71 /* DataResource.swift */; };
		D3F334F9274CA08500748E71 /* DataArrayCellObject.swift in Sources */ = {isa = PBXBuildFile; fileRef = D3F334F8274CA08500748E71 /* DataArrayCellObject.swift */; };
		D3F334FB274CA79500748E71 /* LazyImageView.swift in Sources */ = {isa = PBXBuildFile; fileRef = D3F334FA274CA79500748E71 /* LazyImageView.swift */; };
		D3F334FF274CE00B00748E71 /* DataCellObject.swift in Sources */ = {isa = PBXBuildFile; fileRef = D3F334FE274CE00B00748E71 /* DataCellObject.swift */; };
/* End PBXBuildFile section */

/* Begin PBXContainerItemProxy section */
		D3F334B9274B74D600748E71 /* PBXContainerItemProxy */ = {
			isa = PBXContainerItemProxy;
			containerPortal = D3F33497274B74D300748E71 /* Project object */;
			proxyType = 1;
			remoteGlobalIDString = D3F3349E274B74D300748E71;
			remoteInfo = AssessmentDemo;
		};
		D3F334C4274B74D600748E71 /* PBXContainerItemProxy */ = {
			isa = PBXContainerItemProxy;
			containerPortal = D3F33497274B74D300748E71 /* Project object */;
			proxyType = 1;
			remoteGlobalIDString = D3F3349E274B74D300748E71;
			remoteInfo = AssessmentDemo;
		};
/* End PBXContainerItemProxy section */

/* Begin PBXCopyFilesBuildPhase section */
		D35A95262782D7F200FA0DF7 /* Embed Frameworks */ = {
			isa = PBXCopyFilesBuildPhase;
			buildActionMask = 2147483647;
			dstPath = "";
			dstSubfolderSpec = 10;
			files = (
				D35A95252782D7F200FA0DF7 /* DTModelStorage.xcframework in Embed Frameworks */,
				D35A95282782D7F500FA0DF7 /* DTTableViewManager.xcframework in Embed Frameworks */,
			);
			name = "Embed Frameworks";
			runOnlyForDeploymentPostprocessing = 0;
		};
/* End PBXCopyFilesBuildPhase section */

/* Begin PBXFileReference section */
		D35A951B2782CF4000FA0DF7 /* DTModelStorage.xcframework */ = {isa = PBXFileReference; lastKnownFileType = wrapper.xcframework; path = DTModelStorage.xcframework; sourceTree = "<group>"; };
		D35A951D2782CF4D00FA0DF7 /* DTTableViewManager.xcframework */ = {isa = PBXFileReference; lastKnownFileType = wrapper.xcframework; path = DTTableViewManager.xcframework; sourceTree = "<group>"; };
		D3D09F0E2758D635006897A8 /* Alamofire.framework */ = {isa = PBXFileReference; lastKnownFileType = wrapper.framework; name = Alamofire.framework; path = Carthage/Build/iOS/Alamofire.framework; sourceTree = "<group>"; };
		D3D09F122758D63A006897A8 /* SnapKit.framework */ = {isa = PBXFileReference; lastKnownFileType = wrapper.framework; name = SnapKit.framework; path = Carthage/Build/iOS/SnapKit.framework; sourceTree = "<group>"; };
		D3D09F1B2759DAAC006897A8 /* .swiftlint.yml */ = {isa = PBXFileReference; lastKnownFileType = text.yaml; path = .swiftlint.yml; sourceTree = "<group>"; };
		D3D09F1F2759DE54006897A8 /* Cartfile */ = {isa = PBXFileReference; fileEncoding = 4; lastKnownFileType = text; path = Cartfile; sourceTree = "<group>"; };
		D3D09F27275A4797006897A8 /* DataViewModel.swift */ = {isa = PBXFileReference; lastKnownFileType = sourcecode.swift; path = DataViewModel.swift; sourceTree = "<group>"; };
		D3F3349F274B74D300748E71 /* AssessmentDemo.app */ = {isa = PBXFileReference; explicitFileType = wrapper.application; includeInIndex = 0; path = AssessmentDemo.app; sourceTree = BUILT_PRODUCTS_DIR; };
		D3F334A2274B74D300748E71 /* AppDelegate.swift */ = {isa = PBXFileReference; lastKnownFileType = sourcecode.swift; path = AppDelegate.swift; sourceTree = "<group>"; };
		D3F334A4274B74D300748E71 /* SceneDelegate.swift */ = {isa = PBXFileReference; lastKnownFileType = sourcecode.swift; path = SceneDelegate.swift; sourceTree = "<group>"; };
		D3F334AC274B74D300748E71 /* AssessmentDemo.xcdatamodel */ = {isa = PBXFileReference; lastKnownFileType = wrapper.xcdatamodel; path = AssessmentDemo.xcdatamodel; sourceTree = "<group>"; };
		D3F334AE274B74D500748E71 /* Assets.xcassets */ = {isa = PBXFileReference; lastKnownFileType = folder.assetcatalog; path = Assets.xcassets; sourceTree = "<group>"; };
		D3F334B1274B74D500748E71 /* Base */ = {isa = PBXFileReference; lastKnownFileType = file.storyboard; name = Base; path = Base.lproj/LaunchScreen.storyboard; sourceTree = "<group>"; };
		D3F334B3274B74D500748E71 /* Info.plist */ = {isa = PBXFileReference; lastKnownFileType = text.plist.xml; path = Info.plist; sourceTree = "<group>"; };
		D3F334B8274B74D600748E71 /* AssessmentDemoTests.xctest */ = {isa = PBXFileReference; explicitFileType = wrapper.cfbundle; includeInIndex = 0; path = AssessmentDemoTests.xctest; sourceTree = BUILT_PRODUCTS_DIR; };
		D3F334BC274B74D600748E71 /* AssessmentDemoTests.swift */ = {isa = PBXFileReference; lastKnownFileType = sourcecode.swift; path = AssessmentDemoTests.swift; sourceTree = "<group>"; };
		D3F334BE274B74D600748E71 /* Info.plist */ = {isa = PBXFileReference; lastKnownFileType = text.plist.xml; path = Info.plist; sourceTree = "<group>"; };
		D3F334C3274B74D600748E71 /* AssessmentDemoUITests.xctest */ = {isa = PBXFileReference; explicitFileType = wrapper.cfbundle; includeInIndex = 0; path = AssessmentDemoUITests.xctest; sourceTree = BUILT_PRODUCTS_DIR; };
		D3F334C7274B74D600748E71 /* AssessmentDemoUITests.swift */ = {isa = PBXFileReference; lastKnownFileType = sourcecode.swift; path = AssessmentDemoUITests.swift; sourceTree = "<group>"; };
		D3F334C9274B74D600748E71 /* Info.plist */ = {isa = PBXFileReference; lastKnownFileType = text.plist.xml; path = Info.plist; sourceTree = "<group>"; };
		D3F334ED274BC5A700748E71 /* DataTableViewController.swift */ = {isa = PBXFileReference; lastKnownFileType = sourcecode.swift; path = DataTableViewController.swift; sourceTree = "<group>"; };
		D3F334F1274BC83200748E71 /* DataTableViewCell.swift */ = {isa = PBXFileReference; lastKnownFileType = sourcecode.swift; path = DataTableViewCell.swift; sourceTree = "<group>"; };
		D3F334F5274C9DDA00748E71 /* DataResource.swift */ = {isa = PBXFileReference; lastKnownFileType = sourcecode.swift; path = DataResource.swift; sourceTree = "<group>"; };
		D3F334F8274CA08500748E71 /* DataArrayCellObject.swift */ = {isa = PBXFileReference; lastKnownFileType = sourcecode.swift; path = DataArrayCellObject.swift; sourceTree = "<group>"; };
		D3F334FA274CA79500748E71 /* LazyImageView.swift */ = {isa = PBXFileReference; lastKnownFileType = sourcecode.swift; path = LazyImageView.swift; sourceTree = "<group>"; };
		D3F334FE274CE00B00748E71 /* DataCellObject.swift */ = {isa = PBXFileReference; lastKnownFileType = sourcecode.swift; path = DataCellObject.swift; sourceTree = "<group>"; };
/* End PBXFileReference section */

/* Begin PBXFrameworksBuildPhase section */
		D3F3349C274B74D300748E71 /* Frameworks */ = {
			isa = PBXFrameworksBuildPhase;
			buildActionMask = 2147483647;
			files = (
				D3D09F0F2758D635006897A8 /* Alamofire.framework in Frameworks */,
				D3D09F132758D63A006897A8 /* SnapKit.framework in Frameworks */,
				D35A95242782D7F200FA0DF7 /* DTModelStorage.xcframework in Frameworks */,
				D35A95272782D7F500FA0DF7 /* DTTableViewManager.xcframework in Frameworks */,
			);
			runOnlyForDeploymentPostprocessing = 0;
		};
		D3F334B5274B74D600748E71 /* Frameworks */ = {
			isa = PBXFrameworksBuildPhase;
			buildActionMask = 2147483647;
			files = (
			);
			runOnlyForDeploymentPostprocessing = 0;
		};
		D3F334C0274B74D600748E71 /* Frameworks */ = {
			isa = PBXFrameworksBuildPhase;
			buildActionMask = 2147483647;
			files = (
			);
			runOnlyForDeploymentPostprocessing = 0;
		};
/* End PBXFrameworksBuildPhase section */

/* Begin PBXGroup section */
		D3D09F0D2758D634006897A8 /* Frameworks */ = {
			isa = PBXGroup;
			children = (
				D3D09F122758D63A006897A8 /* SnapKit.framework */,
				D3D09F0E2758D635006897A8 /* Alamofire.framework */,
			);
			name = Frameworks;
			sourceTree = "<group>";
		};
		D3D09F29275A49B8006897A8 /* View Controller */ = {
			isa = PBXGroup;
			children = (
				D3F334ED274BC5A700748E71 /* DataTableViewController.swift */,
			);
			path = "View Controller";
			sourceTree = "<group>";
		};
		D3D09F2A275A49DE006897A8 /* View */ = {
			isa = PBXGroup;
			children = (
				D3F334F1274BC83200748E71 /* DataTableViewCell.swift */,
			);
			path = View;
			sourceTree = "<group>";
		};
		D3D09F2B275A4A05006897A8 /* View Model */ = {
			isa = PBXGroup;
			children = (
				D3D09F27275A4797006897A8 /* DataViewModel.swift */,
			);
			path = "View Model";
			sourceTree = "<group>";
		};
		D3F33496274B74D300748E71 = {
			isa = PBXGroup;
			children = (
				D35A951B2782CF4000FA0DF7 /* DTModelStorage.xcframework */,
				D35A951D2782CF4D00FA0DF7 /* DTTableViewManager.xcframework */,
				D3D09F1F2759DE54006897A8 /* Cartfile */,
				D3D09F1B2759DAAC006897A8 /* .swiftlint.yml */,
				D3F334A1274B74D300748E71 /* AssessmentDemo */,
				D3F334BB274B74D600748E71 /* AssessmentDemoTests */,
				D3F334C6274B74D600748E71 /* AssessmentDemoUITests */,
				D3F334A0274B74D300748E71 /* Products */,
				D3D09F0D2758D634006897A8 /* Frameworks */,
			);
			sourceTree = "<group>";
		};
		D3F334A0274B74D300748E71 /* Products */ = {
			isa = PBXGroup;
			children = (
				D3F3349F274B74D300748E71 /* AssessmentDemo.app */,
				D3F334B8274B74D600748E71 /* AssessmentDemoTests.xctest */,
				D3F334C3274B74D600748E71 /* AssessmentDemoUITests.xctest */,
			);
			name = Products;
			sourceTree = "<group>";
		};
		D3F334A1274B74D300748E71 /* AssessmentDemo */ = {
			isa = PBXGroup;
			children = (
				D3D09F2B275A4A05006897A8 /* View Model */,
				D3D09F2A275A49DE006897A8 /* View */,
				D3D09F29275A49B8006897A8 /* View Controller */,
				D3F334F7274CA06E00748E71 /* Models */,
				D3F334F4274C9DB500748E71 /* ResourceAccessor */,
				D3F334DF274B7ABD00748E71 /* Supporting */,
				D3F334B3274B74D500748E71 /* Info.plist */,
				D3F334AB274B74D300748E71 /* AssessmentDemo.xcdatamodeld */,
			);
			path = AssessmentDemo;
			sourceTree = "<group>";
		};
		D3F334BB274B74D600748E71 /* AssessmentDemoTests */ = {
			isa = PBXGroup;
			children = (
				D3F334BC274B74D600748E71 /* AssessmentDemoTests.swift */,
				D3F334BE274B74D600748E71 /* Info.plist */,
			);
			path = AssessmentDemoTests;
			sourceTree = "<group>";
		};
		D3F334C6274B74D600748E71 /* AssessmentDemoUITests */ = {
			isa = PBXGroup;
			children = (
				D3F334C7274B74D600748E71 /* AssessmentDemoUITests.swift */,
				D3F334C9274B74D600748E71 /* Info.plist */,
			);
			path = AssessmentDemoUITests;
			sourceTree = "<group>";
		};
		D3F334DF274B7ABD00748E71 /* Supporting */ = {
			isa = PBXGroup;
			children = (
				D3F334B0274B74D500748E71 /* LaunchScreen.storyboard */,
				D3F334AE274B74D500748E71 /* Assets.xcassets */,
				D3F334A2274B74D300748E71 /* AppDelegate.swift */,
				D3F334A4274B74D300748E71 /* SceneDelegate.swift */,
			);
			path = Supporting;
			sourceTree = "<group>";
		};
		D3F334F4274C9DB500748E71 /* ResourceAccessor */ = {
			isa = PBXGroup;
			children = (
				D3F334F5274C9DDA00748E71 /* DataResource.swift */,
				D3F334FA274CA79500748E71 /* LazyImageView.swift */,
			);
			path = ResourceAccessor;
			sourceTree = "<group>";
		};
		D3F334F7274CA06E00748E71 /* Models */ = {
			isa = PBXGroup;
			children = (
				D3F334F8274CA08500748E71 /* DataArrayCellObject.swift */,
				D3F334FE274CE00B00748E71 /* DataCellObject.swift */,
			);
			path = Models;
			sourceTree = "<group>";
		};
/* End PBXGroup section */

/* Begin PBXNativeTarget section */
		D3F3349E274B74D300748E71 /* AssessmentDemo */ = {
			isa = PBXNativeTarget;
			buildConfigurationList = D3F334CC274B74D600748E71 /* Build configuration list for PBXNativeTarget "AssessmentDemo" */;
			buildPhases = (
				D3F334F3274C012600748E71 /* ShellScript */,
				D3F3349B274B74D300748E71 /* Sources */,
				D3F3349C274B74D300748E71 /* Frameworks */,
				D3F3349D274B74D300748E71 /* Resources */,
				D3D09EB0275616AA006897A8 /* ShellScript */,
				D35A95262782D7F200FA0DF7 /* Embed Frameworks */,
			);
			buildRules = (
			);
			dependencies = (
			);
			name = AssessmentDemo;
			productName = AssessmentDemo;
			productReference = D3F3349F274B74D300748E71 /* AssessmentDemo.app */;
			productType = "com.apple.product-type.application";
		};
		D3F334B7274B74D600748E71 /* AssessmentDemoTests */ = {
			isa = PBXNativeTarget;
			buildConfigurationList = D3F334CF274B74D600748E71 /* Build configuration list for PBXNativeTarget "AssessmentDemoTests" */;
			buildPhases = (
				D3F334B4274B74D600748E71 /* Sources */,
				D3F334B5274B74D600748E71 /* Frameworks */,
				D3F334B6274B74D600748E71 /* Resources */,
			);
			buildRules = (
			);
			dependencies = (
				D3F334BA274B74D600748E71 /* PBXTargetDependency */,
			);
			name = AssessmentDemoTests;
			productName = AssessmentDemoTests;
			productReference = D3F334B8274B74D600748E71 /* AssessmentDemoTests.xctest */;
			productType = "com.apple.product-type.bundle.unit-test";
		};
		D3F334C2274B74D600748E71 /* AssessmentDemoUITests */ = {
			isa = PBXNativeTarget;
			buildConfigurationList = D3F334D2274B74D600748E71 /* Build configuration list for PBXNativeTarget "AssessmentDemoUITests" */;
			buildPhases = (
				D3F334BF274B74D600748E71 /* Sources */,
				D3F334C0274B74D600748E71 /* Frameworks */,
				D3F334C1274B74D600748E71 /* Resources */,
			);
			buildRules = (
			);
			dependencies = (
				D3F334C5274B74D600748E71 /* PBXTargetDependency */,
			);
			name = AssessmentDemoUITests;
			productName = AssessmentDemoUITests;
			productReference = D3F334C3274B74D600748E71 /* AssessmentDemoUITests.xctest */;
			productType = "com.apple.product-type.bundle.ui-testing";
		};
/* End PBXNativeTarget section */

/* Begin PBXProject section */
		D3F33497274B74D300748E71 /* Project object */ = {
			isa = PBXProject;
			attributes = {
				LastSwiftUpdateCheck = 1250;
				LastUpgradeCheck = 1250;
				TargetAttributes = {
					D3F3349E274B74D300748E71 = {
						CreatedOnToolsVersion = 12.5.1;
					};
					D3F334B7274B74D600748E71 = {
						CreatedOnToolsVersion = 12.5.1;
						TestTargetID = D3F3349E274B74D300748E71;
					};
					D3F334C2274B74D600748E71 = {
						CreatedOnToolsVersion = 12.5.1;
						TestTargetID = D3F3349E274B74D300748E71;
					};
				};
			};
			buildConfigurationList = D3F3349A274B74D300748E71 /* Build configuration list for PBXProject "AssessmentDemo" */;
			compatibilityVersion = "Xcode 9.3";
			developmentRegion = en;
			hasScannedForEncodings = 0;
			knownRegions = (
				en,
				Base,
			);
			mainGroup = D3F33496274B74D300748E71;
			productRefGroup = D3F334A0274B74D300748E71 /* Products */;
			projectDirPath = "";
			projectRoot = "";
			targets = (
				D3F3349E274B74D300748E71 /* AssessmentDemo */,
				D3F334B7274B74D600748E71 /* AssessmentDemoTests */,
				D3F334C2274B74D600748E71 /* AssessmentDemoUITests */,
			);
		};
/* End PBXProject section */

/* Begin PBXResourcesBuildPhase section */
		D3F3349D274B74D300748E71 /* Resources */ = {
			isa = PBXResourcesBuildPhase;
			buildActionMask = 2147483647;
			files = (
				D3D09F1C2759DAAC006897A8 /* .swiftlint.yml in Resources */,
				D3F334B2274B74D500748E71 /* LaunchScreen.storyboard in Resources */,
				D3D09F202759DE54006897A8 /* Cartfile in Resources */,
				D3F334AF274B74D500748E71 /* Assets.xcassets in Resources */,
			);
			runOnlyForDeploymentPostprocessing = 0;
		};
		D3F334B6274B74D600748E71 /* Resources */ = {
			isa = PBXResourcesBuildPhase;
			buildActionMask = 2147483647;
			files = (
			);
			runOnlyForDeploymentPostprocessing = 0;
		};
		D3F334C1274B74D600748E71 /* Resources */ = {
			isa = PBXResourcesBuildPhase;
			buildActionMask = 2147483647;
			files = (
			);
			runOnlyForDeploymentPostprocessing = 0;
		};
/* End PBXResourcesBuildPhase section */

/* Begin PBXShellScriptBuildPhase section */
		D3D09EB0275616AA006897A8 /* ShellScript */ = {
			isa = PBXShellScriptBuildPhase;
			buildActionMask = 2147483647;
			files = (
			);
			inputFileListPaths = (
			);
			inputPaths = (
				"$(SRCROOT)/Carthage/Build/iOS/SnapKit.framework",
				"$(SRCROOT)/Carthage/Build/iOS/Alamofire.framework",
			);
			outputFileListPaths = (
			);
			outputPaths = (
			);
			runOnlyForDeploymentPostprocessing = 0;
			shellPath = /bin/sh;
			shellScript = "# Type a script or drag a script file from your workspace to insert its path.\n/usr/local/bin/carthage copy-frameworks\n";
		};
		D3F334F3274C012600748E71 /* ShellScript */ = {
			isa = PBXShellScriptBuildPhase;
			buildActionMask = 2147483647;
			files = (
			);
			inputFileListPaths = (
			);
			inputPaths = (
			);
			outputFileListPaths = (
			);
			outputPaths = (
			);
			runOnlyForDeploymentPostprocessing = 0;
			shellPath = /bin/sh;
			shellScript = "# Type a script or drag a script file from your workspace to insert its path.\nif which swiftlint >/dev/null; then\n  swiftlint\nelse\n  echo \"warning: SwiftLint not installed, download from https://github.com/realm/SwiftLint\"\nfi\n\n\n\n";
		};
/* End PBXShellScriptBuildPhase section */

/* Begin PBXSourcesBuildPhase section */
		D3F3349B274B74D300748E71 /* Sources */ = {
			isa = PBXSourcesBuildPhase;
			buildActionMask = 2147483647;
			files = (
				D3F334FB274CA79500748E71 /* LazyImageView.swift in Sources */,
				D3F334EE274BC5A700748E71 /* DataTableViewController.swift in Sources */,
				D3F334A3274B74D300748E71 /* AppDelegate.swift in Sources */,
				D3F334F2274BC83200748E71 /* DataTableViewCell.swift in Sources */,
				D3F334AD274B74D300748E71 /* AssessmentDemo.xcdatamodeld in Sources */,
				D3F334F9274CA08500748E71 /* DataArrayCellObject.swift in Sources */,
				D3F334FF274CE00B00748E71 /* DataCellObject.swift in Sources */,
				D3F334F6274C9DDA00748E71 /* DataResource.swift in Sources */,
				D3D09F28275A4797006897A8 /* DataViewModel.swift in Sources */,
				D3F334A5274B74D300748E71 /* SceneDelegate.swift in Sources */,
			);
			runOnlyForDeploymentPostprocessing = 0;
		};
		D3F334B4274B74D600748E71 /* Sources */ = {
			isa = PBXSourcesBuildPhase;
			buildActionMask = 2147483647;
			files = (
				D3F334BD274B74D600748E71 /* AssessmentDemoTests.swift in Sources */,
			);
			runOnlyForDeploymentPostprocessing = 0;
		};
		D3F334BF274B74D600748E71 /* Sources */ = {
			isa = PBXSourcesBuildPhase;
			buildActionMask = 2147483647;
			files = (
				D3F334C8274B74D600748E71 /* AssessmentDemoUITests.swift in Sources */,
			);
			runOnlyForDeploymentPostprocessing = 0;
		};
/* End PBXSourcesBuildPhase section */

/* Begin PBXTargetDependency section */
		D3F334BA274B74D600748E71 /* PBXTargetDependency */ = {
			isa = PBXTargetDependency;
			target = D3F3349E274B74D300748E71 /* AssessmentDemo */;
			targetProxy = D3F334B9274B74D600748E71 /* PBXContainerItemProxy */;
		};
		D3F334C5274B74D600748E71 /* PBXTargetDependency */ = {
			isa = PBXTargetDependency;
			target = D3F3349E274B74D300748E71 /* AssessmentDemo */;
			targetProxy = D3F334C4274B74D600748E71 /* PBXContainerItemProxy */;
		};
/* End PBXTargetDependency section */

/* Begin PBXVariantGroup section */
		D3F334B0274B74D500748E71 /* LaunchScreen.storyboard */ = {
			isa = PBXVariantGroup;
			children = (
				D3F334B1274B74D500748E71 /* Base */,
			);
			name = LaunchScreen.storyboard;
			sourceTree = "<group>";
		};
/* End PBXVariantGroup section */

/* Begin XCBuildConfiguration section */
		D3F334CA274B74D600748E71 /* Debug */ = {
			isa = XCBuildConfiguration;
			buildSettings = {
				ALWAYS_SEARCH_USER_PATHS = NO;
				CLANG_ANALYZER_NONNULL = YES;
				CLANG_ANALYZER_NUMBER_OBJECT_CONVERSION = YES_AGGRESSIVE;
				CLANG_CXX_LANGUAGE_STANDARD = "gnu++14";
				CLANG_CXX_LIBRARY = "libc++";
				CLANG_ENABLE_MODULES = YES;
				CLANG_ENABLE_OBJC_ARC = YES;
				CLANG_ENABLE_OBJC_WEAK = YES;
				CLANG_WARN_BLOCK_CAPTURE_AUTORELEASING = YES;
				CLANG_WARN_BOOL_CONVERSION = YES;
				CLANG_WARN_COMMA = YES;
				CLANG_WARN_CONSTANT_CONVERSION = YES;
				CLANG_WARN_DEPRECATED_OBJC_IMPLEMENTATIONS = YES;
				CLANG_WARN_DIRECT_OBJC_ISA_USAGE = YES_ERROR;
				CLANG_WARN_DOCUMENTATION_COMMENTS = YES;
				CLANG_WARN_EMPTY_BODY = YES;
				CLANG_WARN_ENUM_CONVERSION = YES;
				CLANG_WARN_INFINITE_RECURSION = YES;
				CLANG_WARN_INT_CONVERSION = YES;
				CLANG_WARN_NON_LITERAL_NULL_CONVERSION = YES;
				CLANG_WARN_OBJC_IMPLICIT_RETAIN_SELF = YES;
				CLANG_WARN_OBJC_LITERAL_CONVERSION = YES;
				CLANG_WARN_OBJC_ROOT_CLASS = YES_ERROR;
				CLANG_WARN_QUOTED_INCLUDE_IN_FRAMEWORK_HEADER = YES;
				CLANG_WARN_RANGE_LOOP_ANALYSIS = YES;
				CLANG_WARN_STRICT_PROTOTYPES = YES;
				CLANG_WARN_SUSPICIOUS_MOVE = YES;
				CLANG_WARN_UNGUARDED_AVAILABILITY = YES_AGGRESSIVE;
				CLANG_WARN_UNREACHABLE_CODE = YES;
				CLANG_WARN__DUPLICATE_METHOD_MATCH = YES;
				COPY_PHASE_STRIP = NO;
				DEBUG_INFORMATION_FORMAT = dwarf;
				ENABLE_STRICT_OBJC_MSGSEND = YES;
				ENABLE_TESTABILITY = YES;
				GCC_C_LANGUAGE_STANDARD = gnu11;
				GCC_DYNAMIC_NO_PIC = NO;
				GCC_NO_COMMON_BLOCKS = YES;
				GCC_OPTIMIZATION_LEVEL = 0;
				GCC_PREPROCESSOR_DEFINITIONS = (
					"DEBUG=1",
					"$(inherited)",
				);
				GCC_WARN_64_TO_32_BIT_CONVERSION = YES;
				GCC_WARN_ABOUT_RETURN_TYPE = YES_ERROR;
				GCC_WARN_UNDECLARED_SELECTOR = YES;
				GCC_WARN_UNINITIALIZED_AUTOS = YES_AGGRESSIVE;
				GCC_WARN_UNUSED_FUNCTION = YES;
				GCC_WARN_UNUSED_VARIABLE = YES;
				IPHONEOS_DEPLOYMENT_TARGET = 14.5;
				MTL_ENABLE_DEBUG_INFO = INCLUDE_SOURCE;
				MTL_FAST_MATH = YES;
				ONLY_ACTIVE_ARCH = YES;
				SDKROOT = iphoneos;
				SWIFT_ACTIVE_COMPILATION_CONDITIONS = DEBUG;
				SWIFT_OPTIMIZATION_LEVEL = "-Onone";
			};
			name = Debug;
		};
		D3F334CB274B74D600748E71 /* Release */ = {
			isa = XCBuildConfiguration;
			buildSettings = {
				ALWAYS_SEARCH_USER_PATHS = NO;
				CLANG_ANALYZER_NONNULL = YES;
				CLANG_ANALYZER_NUMBER_OBJECT_CONVERSION = YES_AGGRESSIVE;
				CLANG_CXX_LANGUAGE_STANDARD = "gnu++14";
				CLANG_CXX_LIBRARY = "libc++";
				CLANG_ENABLE_MODULES = YES;
				CLANG_ENABLE_OBJC_ARC = YES;
				CLANG_ENABLE_OBJC_WEAK = YES;
				CLANG_WARN_BLOCK_CAPTURE_AUTORELEASING = YES;
				CLANG_WARN_BOOL_CONVERSION = YES;
				CLANG_WARN_COMMA = YES;
				CLANG_WARN_CONSTANT_CONVERSION = YES;
				CLANG_WARN_DEPRECATED_OBJC_IMPLEMENTATIONS = YES;
				CLANG_WARN_DIRECT_OBJC_ISA_USAGE = YES_ERROR;
				CLANG_WARN_DOCUMENTATION_COMMENTS = YES;
				CLANG_WARN_EMPTY_BODY = YES;
				CLANG_WARN_ENUM_CONVERSION = YES;
				CLANG_WARN_INFINITE_RECURSION = YES;
				CLANG_WARN_INT_CONVERSION = YES;
				CLANG_WARN_NON_LITERAL_NULL_CONVERSION = YES;
				CLANG_WARN_OBJC_IMPLICIT_RETAIN_SELF = YES;
				CLANG_WARN_OBJC_LITERAL_CONVERSION = YES;
				CLANG_WARN_OBJC_ROOT_CLASS = YES_ERROR;
				CLANG_WARN_QUOTED_INCLUDE_IN_FRAMEWORK_HEADER = YES;
				CLANG_WARN_RANGE_LOOP_ANALYSIS = YES;
				CLANG_WARN_STRICT_PROTOTYPES = YES;
				CLANG_WARN_SUSPICIOUS_MOVE = YES;
				CLANG_WARN_UNGUARDED_AVAILABILITY = YES_AGGRESSIVE;
				CLANG_WARN_UNREACHABLE_CODE = YES;
				CLANG_WARN__DUPLICATE_METHOD_MATCH = YES;
				COPY_PHASE_STRIP = NO;
				DEBUG_INFORMATION_FORMAT = "dwarf-with-dsym";
				ENABLE_NS_ASSERTIONS = NO;
				ENABLE_STRICT_OBJC_MSGSEND = YES;
				GCC_C_LANGUAGE_STANDARD = gnu11;
				GCC_NO_COMMON_BLOCKS = YES;
				GCC_WARN_64_TO_32_BIT_CONVERSION = YES;
				GCC_WARN_ABOUT_RETURN_TYPE = YES_ERROR;
				GCC_WARN_UNDECLARED_SELECTOR = YES;
				GCC_WARN_UNINITIALIZED_AUTOS = YES_AGGRESSIVE;
				GCC_WARN_UNUSED_FUNCTION = YES;
				GCC_WARN_UNUSED_VARIABLE = YES;
				IPHONEOS_DEPLOYMENT_TARGET = 14.5;
				MTL_ENABLE_DEBUG_INFO = NO;
				MTL_FAST_MATH = YES;
				SDKROOT = iphoneos;
				SWIFT_COMPILATION_MODE = wholemodule;
				SWIFT_OPTIMIZATION_LEVEL = "-O";
				VALIDATE_PRODUCT = YES;
			};
			name = Release;
		};
		D3F334CD274B74D600748E71 /* Debug */ = {
			isa = XCBuildConfiguration;
			buildSettings = {
				ASSETCATALOG_COMPILER_APPICON_NAME = AppIcon;
				ASSETCATALOG_COMPILER_GLOBAL_ACCENT_COLOR_NAME = AccentColor;
				CODE_SIGN_STYLE = Automatic;
				FRAMEWORK_SEARCH_PATHS = (
					"$(inherited)",
					"$(PROJECT_DIR)/Carthage/Build/iOS",
				);
				INFOPLIST_FILE = AssessmentDemo/Info.plist;
				LD_RUNPATH_SEARCH_PATHS = (
					"$(inherited)",
					"@executable_path/Frameworks",
				);
				PRODUCT_BUNDLE_IDENTIFIER = com.Assessment.AssessmentDemo;
				PRODUCT_NAME = "$(TARGET_NAME)";
				SWIFT_VERSION = 5.0;
				TARGETED_DEVICE_FAMILY = "1,2";
			};
			name = Debug;
		};
		D3F334CE274B74D600748E71 /* Release */ = {
			isa = XCBuildConfiguration;
			buildSettings = {
				ASSETCATALOG_COMPILER_APPICON_NAME = AppIcon;
				ASSETCATALOG_COMPILER_GLOBAL_ACCENT_COLOR_NAME = AccentColor;
				CODE_SIGN_STYLE = Automatic;
				FRAMEWORK_SEARCH_PATHS = (
					"$(inherited)",
					"$(PROJECT_DIR)/Carthage/Build/iOS",
				);
				INFOPLIST_FILE = AssessmentDemo/Info.plist;
				LD_RUNPATH_SEARCH_PATHS = (
					"$(inherited)",
					"@executable_path/Frameworks",
				);
				PRODUCT_BUNDLE_IDENTIFIER = com.Assessment.AssessmentDemo;
				PRODUCT_NAME = "$(TARGET_NAME)";
				SWIFT_VERSION = 5.0;
				TARGETED_DEVICE_FAMILY = "1,2";
			};
			name = Release;
		};
		D3F334D0274B74D600748E71 /* Debug */ = {
			isa = XCBuildConfiguration;
			buildSettings = {
				ALWAYS_EMBED_SWIFT_STANDARD_LIBRARIES = YES;
				BUNDLE_LOADER = "$(TEST_HOST)";
				CODE_SIGN_STYLE = Automatic;
				INFOPLIST_FILE = AssessmentDemoTests/Info.plist;
				IPHONEOS_DEPLOYMENT_TARGET = 14.5;
				LD_RUNPATH_SEARCH_PATHS = (
					"$(inherited)",
					"@executable_path/Frameworks",
					"@loader_path/Frameworks",
				);
				PRODUCT_BUNDLE_IDENTIFIER = com.Assessment.AssessmentDemoTests;
				PRODUCT_NAME = "$(TARGET_NAME)";
				SWIFT_VERSION = 5.0;
				TARGETED_DEVICE_FAMILY = "1,2";
				TEST_HOST = "$(BUILT_PRODUCTS_DIR)/AssessmentDemo.app/AssessmentDemo";
			};
			name = Debug;
		};
		D3F334D1274B74D600748E71 /* Release */ = {
			isa = XCBuildConfiguration;
			buildSettings = {
				ALWAYS_EMBED_SWIFT_STANDARD_LIBRARIES = YES;
				BUNDLE_LOADER = "$(TEST_HOST)";
				CODE_SIGN_STYLE = Automatic;
				INFOPLIST_FILE = AssessmentDemoTests/Info.plist;
				IPHONEOS_DEPLOYMENT_TARGET = 14.5;
				LD_RUNPATH_SEARCH_PATHS = (
					"$(inherited)",
					"@executable_path/Frameworks",
					"@loader_path/Frameworks",
				);
				PRODUCT_BUNDLE_IDENTIFIER = com.Assessment.AssessmentDemoTests;
				PRODUCT_NAME = "$(TARGET_NAME)";
				SWIFT_VERSION = 5.0;
				TARGETED_DEVICE_FAMILY = "1,2";
				TEST_HOST = "$(BUILT_PRODUCTS_DIR)/AssessmentDemo.app/AssessmentDemo";
			};
			name = Release;
		};
		D3F334D3274B74D600748E71 /* Debug */ = {
			isa = XCBuildConfiguration;
			buildSettings = {
				ALWAYS_EMBED_SWIFT_STANDARD_LIBRARIES = YES;
				CODE_SIGN_STYLE = Automatic;
				INFOPLIST_FILE = AssessmentDemoUITests/Info.plist;
				LD_RUNPATH_SEARCH_PATHS = (
					"$(inherited)",
					"@executable_path/Frameworks",
					"@loader_path/Frameworks",
				);
				PRODUCT_BUNDLE_IDENTIFIER = com.Assessment.AssessmentDemoUITests;
				PRODUCT_NAME = "$(TARGET_NAME)";
				SWIFT_VERSION = 5.0;
				TARGETED_DEVICE_FAMILY = "1,2";
				TEST_TARGET_NAME = AssessmentDemo;
			};
			name = Debug;
		};
		D3F334D4274B74D600748E71 /* Release */ = {
			isa = XCBuildConfiguration;
			buildSettings = {
				ALWAYS_EMBED_SWIFT_STANDARD_LIBRARIES = YES;
				CODE_SIGN_STYLE = Automatic;
				INFOPLIST_FILE = AssessmentDemoUITests/Info.plist;
				LD_RUNPATH_SEARCH_PATHS = (
					"$(inherited)",
					"@executable_path/Frameworks",
					"@loader_path/Frameworks",
				);
				PRODUCT_BUNDLE_IDENTIFIER = com.Assessment.AssessmentDemoUITests;
				PRODUCT_NAME = "$(TARGET_NAME)";
				SWIFT_VERSION = 5.0;
				TARGETED_DEVICE_FAMILY = "1,2";
				TEST_TARGET_NAME = AssessmentDemo;
			};
			name = Release;
		};
/* End XCBuildConfiguration section */

/* Begin XCConfigurationList section */
		D3F3349A274B74D300748E71 /* Build configuration list for PBXProject "AssessmentDemo" */ = {
			isa = XCConfigurationList;
			buildConfigurations = (
				D3F334CA274B74D600748E71 /* Debug */,
				D3F334CB274B74D600748E71 /* Release */,
			);
			defaultConfigurationIsVisible = 0;
			defaultConfigurationName = Release;
		};
		D3F334CC274B74D600748E71 /* Build configuration list for PBXNativeTarget "AssessmentDemo" */ = {
			isa = XCConfigurationList;
			buildConfigurations = (
				D3F334CD274B74D600748E71 /* Debug */,
				D3F334CE274B74D600748E71 /* Release */,
			);
			defaultConfigurationIsVisible = 0;
			defaultConfigurationName = Release;
		};
		D3F334CF274B74D600748E71 /* Build configuration list for PBXNativeTarget "AssessmentDemoTests" */ = {
			isa = XCConfigurationList;
			buildConfigurations = (
				D3F334D0274B74D600748E71 /* Debug */,
				D3F334D1274B74D600748E71 /* Release */,
			);
			defaultConfigurationIsVisible = 0;
			defaultConfigurationName = Release;
		};
		D3F334D2274B74D600748E71 /* Build configuration list for PBXNativeTarget "AssessmentDemoUITests" */ = {
			isa = XCConfigurationList;
			buildConfigurations = (
				D3F334D3274B74D600748E71 /* Debug */,
				D3F334D4274B74D600748E71 /* Release */,
			);
			defaultConfigurationIsVisible = 0;
			defaultConfigurationName = Release;
		};
/* End XCConfigurationList section */

/* Begin XCVersionGroup section */
		D3F334AB274B74D300748E71 /* AssessmentDemo.xcdatamodeld */ = {
			isa = XCVersionGroup;
			children = (
				D3F334AC274B74D300748E71 /* AssessmentDemo.xcdatamodel */,
			);
			currentVersion = D3F334AC274B74D300748E71 /* AssessmentDemo.xcdatamodel */;
			path = AssessmentDemo.xcdatamodeld;
			sourceTree = "<group>";
			versionGroupType = wrapper.xcdatamodel;
		};
/* End XCVersionGroup section */
	};
	rootObject = D3F33497274B74D300748E71 /* Project object */;
}
